
Microsoft Visual Studio Solution File, Format Version 12.00
# Visual Studio 2012
Project("{8BC9CEB8-8B4A-11D0-8D11-00A0C91BC942}") = "DISHARD2", "DISHARD2\DISHARD2.vcxproj", "{4C5278FA-A880-4E6A-B668-5C59E54FD510}"
EndProject
Global
	GlobalSection(SolutionConfigurationPlatforms) = preSolution
		Debug|Win32 = Debug|Win32
		Release|Win32 = Release|Win32
	EndGlobalSection
	GlobalSection(ProjectConfigurationPlatforms) = postSolution
		{4C5278FA-A880-4E6A-B668-5C59E54FD510}.Debug|Win32.ActiveCfg = Release|Win32
		{4C5278FA-A880-4E6A-B668-5C59E54FD510}.Debug|Win32.Build.0 = Release|Win32
		{4C5278FA-A880-4E6A-B668-5C59E54FD510}.Release|Win32.ActiveCfg = Release|Win32
		{4C5278FA-A880-4E6A-B668-5C59E54FD510}.Release|Win32.Build.0 = Release|Win32
	EndGlobalSection
	GlobalSection(SolutionProperties) = preSolution
		HideSolutionNode = FALSE
	EndGlobalSection
EndGlobal
